
Microsoft Visual Studio Solution File, Format Version 12.00
Project("{FAE04EC0-301F-11D3-BF4B-00C04F79EFBC}") = "Project_HSE", "Project_HSE\Project_HSE.csproj", "{BE6A56AB-3D45-4B91-91C7-A214DD4145E4}"
EndProject
Global
	GlobalSection(SolutionConfigurationPlatforms) = preSolution
		Debug|Any CPU = Debug|Any CPU
		Release|Any CPU = Release|Any CPU
	EndGlobalSection
	GlobalSection(ProjectConfigurationPlatforms) = postSolution
		{BE6A56AB-3D45-4B91-91C7-A214DD4145E4}.Debug|Any CPU.ActiveCfg = Debug|Any CPU
		{BE6A56AB-3D45-4B91-91C7-A214DD4145E4}.Debug|Any CPU.Build.0 = Debug|Any CPU
		{BE6A56AB-3D45-4B91-91C7-A214DD4145E4}.Release|Any CPU.ActiveCfg = Release|Any CPU
		{BE6A56AB-3D45-4B91-91C7-A214DD4145E4}.Release|Any CPU.Build.0 = Release|Any CPU
	EndGlobalSection
EndGlobal
